// !$*UTF8*$!
{
	archiveVersion = 1;
	classes = {
	};
	objectVersion = 46;
	objects = {

/* Begin PBXBuildFile section */
		2C49CE041CF3F36C001BFBFF /* Moduler+One.swift in Sources */ = {isa = PBXBuildFile; fileRef = 2C49CE031CF3F36C001BFBFF /* Moduler+One.swift */; };
		2C49CE061CF3F42D001BFBFF /* DetailViewController.swift in Sources */ = {isa = PBXBuildFile; fileRef = 2C49CE051CF3F42D001BFBFF /* DetailViewController.swift */; };
		2C49CE091CF3F466001BFBFF /* One.swift in Sources */ = {isa = PBXBuildFile; fileRef = 2C49CE081CF3F466001BFBFF /* One.swift */; };
		2C9307821CF2CD9400D0E5F6 /* AppDelegate.swift in Sources */ = {isa = PBXBuildFile; fileRef = 2C9307811CF2CD9400D0E5F6 /* AppDelegate.swift */; };
		2C9307841CF2CD9400D0E5F6 /* ViewController.swift in Sources */ = {isa = PBXBuildFile; fileRef = 2C9307831CF2CD9400D0E5F6 /* ViewController.swift */; };
		2C9307871CF2CD9400D0E5F6 /* Main.storyboard in Resources */ = {isa = PBXBuildFile; fileRef = 2C9307851CF2CD9400D0E5F6 /* Main.storyboard */; };
		2C9307891CF2CD9400D0E5F6 /* Assets.xcassets in Resources */ = {isa = PBXBuildFile; fileRef = 2C9307881CF2CD9400D0E5F6 /* Assets.xcassets */; };
		2C93078C1CF2CD9400D0E5F6 /* LaunchScreen.storyboard in Resources */ = {isa = PBXBuildFile; fileRef = 2C93078A1CF2CD9400D0E5F6 /* LaunchScreen.storyboard */; };
		2C9307971CF2CD9400D0E5F6 /* ModuleManagerTests.swift in Sources */ = {isa = PBXBuildFile; fileRef = 2C9307961CF2CD9400D0E5F6 /* ModuleManagerTests.swift */; };
		2C9307A21CF2CD9400D0E5F6 /* ModuleManagerUITests.swift in Sources */ = {isa = PBXBuildFile; fileRef = 2C9307A11CF2CD9400D0E5F6 /* ModuleManagerUITests.swift */; };
		2C9307B01CF2CDA800D0E5F6 /* Moduler.swift in Sources */ = {isa = PBXBuildFile; fileRef = 2C9307AF1CF2CDA800D0E5F6 /* Moduler.swift */; };
/* End PBXBuildFile section */

/* Begin PBXContainerItemProxy section */
		2C9307931CF2CD9400D0E5F6 /* PBXContainerItemProxy */ = {
			isa = PBXContainerItemProxy;
			containerPortal = 2C9307761CF2CD9400D0E5F6 /* Project object */;
			proxyType = 1;
			remoteGlobalIDString = 2C93077D1CF2CD9400D0E5F6;
			remoteInfo = ModuleManager;
		};
		2C93079E1CF2CD9400D0E5F6 /* PBXContainerItemProxy */ = {
			isa = PBXContainerItemProxy;
			containerPortal = 2C9307761CF2CD9400D0E5F6 /* Project object */;
			proxyType = 1;
			remoteGlobalIDString = 2C93077D1CF2CD9400D0E5F6;
			remoteInfo = ModuleManager;
		};
/* End PBXContainerItemProxy section */

/* Begin PBXFileReference section */
		2C49CE031CF3F36C001BFBFF /* Moduler+One.swift */ = {isa = PBXFileReference; fileEncoding = 4; lastKnownFileType = sourcecode.swift; path = "Moduler+One.swift"; sourceTree = "<group>"; };
		2C49CE051CF3F42D001BFBFF /* DetailViewController.swift */ = {isa = PBXFileReference; fileEncoding = 4; lastKnownFileType = sourcecode.swift; path = DetailViewController.swift; sourceTree = "<group>"; };
		2C49CE081CF3F466001BFBFF /* One.swift */ = {isa = PBXFileReference; fileEncoding = 4; lastKnownFileType = sourcecode.swift; path = One.swift; sourceTree = "<group>"; };
		2C93077E1CF2CD9400D0E5F6 /* ModuleManager.app */ = {isa = PBXFileReference; explicitFileType = wrapper.application; includeInIndex = 0; path = ModuleManager.app; sourceTree = BUILT_PRODUCTS_DIR; };
		2C9307811CF2CD9400D0E5F6 /* AppDelegate.swift */ = {isa = PBXFileReference; lastKnownFileType = sourcecode.swift; path = AppDelegate.swift; sourceTree = "<group>"; };
		2C9307831CF2CD9400D0E5F6 /* ViewController.swift */ = {isa = PBXFileReference; lastKnownFileType = sourcecode.swift; path = ViewController.swift; sourceTree = "<group>"; };
		2C9307861CF2CD9400D0E5F6 /* Base */ = {isa = PBXFileReference; lastKnownFileType = file.storyboard; name = Base; path = Base.lproj/Main.storyboard; sourceTree = "<group>"; };
		2C9307881CF2CD9400D0E5F6 /* Assets.xcassets */ = {isa = PBXFileReference; lastKnownFileType = folder.assetcatalog; path = Assets.xcassets; sourceTree = "<group>"; };
		2C93078B1CF2CD9400D0E5F6 /* Base */ = {isa = PBXFileReference; lastKnownFileType = file.storyboard; name = Base; path = Base.lproj/LaunchScreen.storyboard; sourceTree = "<group>"; };
		2C93078D1CF2CD9400D0E5F6 /* Info.plist */ = {isa = PBXFileReference; lastKnownFileType = text.plist.xml; path = Info.plist; sourceTree = "<group>"; };
		2C9307921CF2CD9400D0E5F6 /* ModuleManagerTests.xctest */ = {isa = PBXFileReference; explicitFileType = wrapper.cfbundle; includeInIndex = 0; path = ModuleManagerTests.xctest; sourceTree = BUILT_PRODUCTS_DIR; };
		2C9307961CF2CD9400D0E5F6 /* ModuleManagerTests.swift */ = {isa = PBXFileReference; lastKnownFileType = sourcecode.swift; path = ModuleManagerTests.swift; sourceTree = "<group>"; };
		2C9307981CF2CD9400D0E5F6 /* Info.plist */ = {isa = PBXFileReference; lastKnownFileType = text.plist.xml; path = Info.plist; sourceTree = "<group>"; };
		2C93079D1CF2CD9400D0E5F6 /* ModuleManagerUITests.xctest */ = {isa = PBXFileReference; explicitFileType = wrapper.cfbundle; includeInIndex = 0; path = ModuleManagerUITests.xctest; sourceTree = BUILT_PRODUCTS_DIR; };
		2C9307A11CF2CD9400D0E5F6 /* ModuleManagerUITests.swift */ = {isa = PBXFileReference; lastKnownFileType = sourcecode.swift; path = ModuleManagerUITests.swift; sourceTree = "<group>"; };
		2C9307A31CF2CD9400D0E5F6 /* Info.plist */ = {isa = PBXFileReference; lastKnownFileType = text.plist.xml; path = Info.plist; sourceTree = "<group>"; };
		2C9307AF1CF2CDA800D0E5F6 /* Moduler.swift */ = {isa = PBXFileReference; fileEncoding = 4; lastKnownFileType = sourcecode.swift; path = Moduler.swift; sourceTree = "<group>"; };
/* End PBXFileReference section */

/* Begin PBXFrameworksBuildPhase section */
		2C93077B1CF2CD9400D0E5F6 /* Frameworks */ = {
			isa = PBXFrameworksBuildPhase;
			buildActionMask = 2147483647;
			files = (
			);
			runOnlyForDeploymentPostprocessing = 0;
		};
		2C93078F1CF2CD9400D0E5F6 /* Frameworks */ = {
			isa = PBXFrameworksBuildPhase;
			buildActionMask = 2147483647;
			files = (
			);
			runOnlyForDeploymentPostprocessing = 0;
		};
		2C93079A1CF2CD9400D0E5F6 /* Frameworks */ = {
			isa = PBXFrameworksBuildPhase;
			buildActionMask = 2147483647;
			files = (
			);
			runOnlyForDeploymentPostprocessing = 0;
		};
/* End PBXFrameworksBuildPhase section */

/* Begin PBXGroup section */
		2C49CE071CF3F43B001BFBFF /* One */ = {
			isa = PBXGroup;
			children = (
				2C49CE081CF3F466001BFBFF /* One.swift */,
				2C49CE051CF3F42D001BFBFF /* DetailViewController.swift */,
			);
			name = One;
			sourceTree = "<group>";
		};
		2C9307751CF2CD9400D0E5F6 = {
			isa = PBXGroup;
			children = (
				2C9307801CF2CD9400D0E5F6 /* ModuleManager */,
				2C9307951CF2CD9400D0E5F6 /* ModuleManagerTests */,
				2C9307A01CF2CD9400D0E5F6 /* ModuleManagerUITests */,
				2C93077F1CF2CD9400D0E5F6 /* Products */,
			);
			sourceTree = "<group>";
		};
		2C93077F1CF2CD9400D0E5F6 /* Products */ = {
			isa = PBXGroup;
			children = (
				2C93077E1CF2CD9400D0E5F6 /* ModuleManager.app */,
				2C9307921CF2CD9400D0E5F6 /* ModuleManagerTests.xctest */,
				2C93079D1CF2CD9400D0E5F6 /* ModuleManagerUITests.xctest */,
			);
			name = Products;
			sourceTree = "<group>";
		};
		2C9307801CF2CD9400D0E5F6 /* ModuleManager */ = {
			isa = PBXGroup;
			children = (
				2C9307AF1CF2CDA800D0E5F6 /* Moduler.swift */,
				2C49CE031CF3F36C001BFBFF /* Moduler+One.swift */,
				2C49CE071CF3F43B001BFBFF /* One */,
				2C9307811CF2CD9400D0E5F6 /* AppDelegate.swift */,
				2C9307831CF2CD9400D0E5F6 /* ViewController.swift */,
				2C9307851CF2CD9400D0E5F6 /* Main.storyboard */,
				2C9307881CF2CD9400D0E5F6 /* Assets.xcassets */,
				2C93078A1CF2CD9400D0E5F6 /* LaunchScreen.storyboard */,
				2C93078D1CF2CD9400D0E5F6 /* Info.plist */,
			);
			path = ModuleManager;
			sourceTree = "<group>";
		};
		2C9307951CF2CD9400D0E5F6 /* ModuleManagerTests */ = {
			isa = PBXGroup;
			children = (
				2C9307961CF2CD9400D0E5F6 /* ModuleManagerTests.swift */,
				2C9307981CF2CD9400D0E5F6 /* Info.plist */,
			);
			path = ModuleManagerTests;
			sourceTree = "<group>";
		};
		2C9307A01CF2CD9400D0E5F6 /* ModuleManagerUITests */ = {
			isa = PBXGroup;
			children = (
				2C9307A11CF2CD9400D0E5F6 /* ModuleManagerUITests.swift */,
				2C9307A31CF2CD9400D0E5F6 /* Info.plist */,
			);
			path = ModuleManagerUITests;
			sourceTree = "<group>";
		};
/* End PBXGroup section */

/* Begin PBXNativeTarget section */
		2C93077D1CF2CD9400D0E5F6 /* ModuleManager */ = {
			isa = PBXNativeTarget;
			buildConfigurationList = 2C9307A61CF2CD9400D0E5F6 /* Build configuration list for PBXNativeTarget "ModuleManager" */;
			buildPhases = (
				2C93077A1CF2CD9400D0E5F6 /* Sources */,
				2C93077B1CF2CD9400D0E5F6 /* Frameworks */,
				2C93077C1CF2CD9400D0E5F6 /* Resources */,
			);
			buildRules = (
			);
			dependencies = (
			);
			name = ModuleManager;
			productName = ModuleManager;
			productReference = 2C93077E1CF2CD9400D0E5F6 /* ModuleManager.app */;
			productType = "com.apple.product-type.application";
		};
		2C9307911CF2CD9400D0E5F6 /* ModuleManagerTests */ = {
			isa = PBXNativeTarget;
			buildConfigurationList = 2C9307A91CF2CD9400D0E5F6 /* Build configuration list for PBXNativeTarget "ModuleManagerTests" */;
			buildPhases = (
				2C93078E1CF2CD9400D0E5F6 /* Sources */,
				2C93078F1CF2CD9400D0E5F6 /* Frameworks */,
				2C9307901CF2CD9400D0E5F6 /* Resources */,
			);
			buildRules = (
			);
			dependencies = (
				2C9307941CF2CD9400D0E5F6 /* PBXTargetDependency */,
			);
			name = ModuleManagerTests;
			productName = ModuleManagerTests;
			productReference = 2C9307921CF2CD9400D0E5F6 /* ModuleManagerTests.xctest */;
			productType = "com.apple.product-type.bundle.unit-test";
		};
		2C93079C1CF2CD9400D0E5F6 /* ModuleManagerUITests */ = {
			isa = PBXNativeTarget;
			buildConfigurationList = 2C9307AC1CF2CD9400D0E5F6 /* Build configuration list for PBXNativeTarget "ModuleManagerUITests" */;
			buildPhases = (
				2C9307991CF2CD9400D0E5F6 /* Sources */,
				2C93079A1CF2CD9400D0E5F6 /* Frameworks */,
				2C93079B1CF2CD9400D0E5F6 /* Resources */,
			);
			buildRules = (
			);
			dependencies = (
				2C93079F1CF2CD9400D0E5F6 /* PBXTargetDependency */,
			);
			name = ModuleManagerUITests;
			productName = ModuleManagerUITests;
			productReference = 2C93079D1CF2CD9400D0E5F6 /* ModuleManagerUITests.xctest */;
			productType = "com.apple.product-type.bundle.ui-testing";
		};
/* End PBXNativeTarget section */

/* Begin PBXProject section */
		2C9307761CF2CD9400D0E5F6 /* Project object */ = {
			isa = PBXProject;
			attributes = {
				LastSwiftUpdateCheck = 0730;
				LastUpgradeCheck = 0730;
				ORGANIZATIONNAME = Emiaostein;
				TargetAttributes = {
					2C93077D1CF2CD9400D0E5F6 = {
						CreatedOnToolsVersion = 7.3.1;
					};
					2C9307911CF2CD9400D0E5F6 = {
						CreatedOnToolsVersion = 7.3.1;
						TestTargetID = 2C93077D1CF2CD9400D0E5F6;
					};
					2C93079C1CF2CD9400D0E5F6 = {
						CreatedOnToolsVersion = 7.3.1;
						TestTargetID = 2C93077D1CF2CD9400D0E5F6;
					};
				};
			};
			buildConfigurationList = 2C9307791CF2CD9400D0E5F6 /* Build configuration list for PBXProject "ModuleManager" */;
			compatibilityVersion = "Xcode 3.2";
			developmentRegion = English;
			hasScannedForEncodings = 0;
			knownRegions = (
				en,
				Base,
			);
			mainGroup = 2C9307751CF2CD9400D0E5F6;
			productRefGroup = 2C93077F1CF2CD9400D0E5F6 /* Products */;
			projectDirPath = "";
			projectRoot = "";
			targets = (
				2C93077D1CF2CD9400D0E5F6 /* ModuleManager */,
				2C9307911CF2CD9400D0E5F6 /* ModuleManagerTests */,
				2C93079C1CF2CD9400D0E5F6 /* ModuleManagerUITests */,
			);
		};
/* End PBXProject section */

/* Begin PBXResourcesBuildPhase section */
		2C93077C1CF2CD9400D0E5F6 /* Resources */ = {
			isa = PBXResourcesBuildPhase;
			buildActionMask = 2147483647;
			files = (
				2C93078C1CF2CD9400D0E5F6 /* LaunchScreen.storyboard in Resources */,
				2C9307891CF2CD9400D0E5F6 /* Assets.xcassets in Resources */,
				2C9307871CF2CD9400D0E5F6 /* Main.storyboard in Resources */,
			);
			runOnlyForDeploymentPostprocessing = 0;
		};
		2C9307901CF2CD9400D0E5F6 /* Resources */ = {
			isa = PBXResourcesBuildPhase;
			buildActionMask = 2147483647;
			files = (
			);
			runOnlyForDeploymentPostprocessing = 0;
		};
		2C93079B1CF2CD9400D0E5F6 /* Resources */ = {
			isa = PBXResourcesBuildPhase;
			buildActionMask = 2147483647;
			files = (
			);
			runOnlyForDeploymentPostprocessing = 0;
		};
/* End PBXResourcesBuildPhase section */

/* Begin PBXSourcesBuildPhase section */
		2C93077A1CF2CD9400D0E5F6 /* Sources */ = {
			isa = PBXSourcesBuildPhase;
			buildActionMask = 2147483647;
			files = (
				2C49CE091CF3F466001BFBFF /* One.swift in Sources */,
				2C9307B01CF2CDA800D0E5F6 /* Moduler.swift in Sources */,
				2C49CE041CF3F36C001BFBFF /* Moduler+One.swift in Sources */,
				2C49CE061CF3F42D001BFBFF /* DetailViewController.swift in Sources */,
				2C9307841CF2CD9400D0E5F6 /* ViewController.swift in Sources */,
				2C9307821CF2CD9400D0E5F6 /* AppDelegate.swift in Sources */,
			);
			runOnlyForDeploymentPostprocessing = 0;
		};
		2C93078E1CF2CD9400D0E5F6 /* Sources */ = {
			isa = PBXSourcesBuildPhase;
			buildActionMask = 2147483647;
			files = (
				2C9307971CF2CD9400D0E5F6 /* ModuleManagerTests.swift in Sources */,
			);
			runOnlyForDeploymentPostprocessing = 0;
		};
		2C9307991CF2CD9400D0E5F6 /* Sources */ = {
			isa = PBXSourcesBuildPhase;
			buildActionMask = 2147483647;
			files = (
				2C9307A21CF2CD9400D0E5F6 /* ModuleManagerUITests.swift in Sources */,
			);
			runOnlyForDeploymentPostprocessing = 0;
		};
/* End PBXSourcesBuildPhase section */

/* Begin PBXTargetDependency section */
		2C9307941CF2CD9400D0E5F6 /* PBXTargetDependency */ = {
			isa = PBXTargetDependency;
			target = 2C93077D1CF2CD9400D0E5F6 /* ModuleManager */;
			targetProxy = 2C9307931CF2CD9400D0E5F6 /* PBXContainerItemProxy */;
		};
		2C93079F1CF2CD9400D0E5F6 /* PBXTargetDependency */ = {
			isa = PBXTargetDependency;
			target = 2C93077D1CF2CD9400D0E5F6 /* ModuleManager */;
			targetProxy = 2C93079E1CF2CD9400D0E5F6 /* PBXContainerItemProxy */;
		};
/* End PBXTargetDependency section */

/* Begin PBXVariantGroup section */
		2C9307851CF2CD9400D0E5F6 /* Main.storyboard */ = {
			isa = PBXVariantGroup;
			children = (
				2C9307861CF2CD9400D0E5F6 /* Base */,
			);
			name = Main.storyboard;
			sourceTree = "<group>";
		};
		2C93078A1CF2CD9400D0E5F6 /* LaunchScreen.storyboard */ = {
			isa = PBXVariantGroup;
			children = (
				2C93078B1CF2CD9400D0E5F6 /* Base */,
			);
			name = LaunchScreen.storyboard;
			sourceTree = "<group>";
		};
/* End PBXVariantGroup section */

/* Begin XCBuildConfiguration section */
		2C9307A41CF2CD9400D0E5F6 /* Debug */ = {
			isa = XCBuildConfiguration;
			buildSettings = {
				ALWAYS_SEARCH_USER_PATHS = NO;
				CLANG_ANALYZER_NONNULL = YES;
				CLANG_CXX_LANGUAGE_STANDARD = "gnu++0x";
				CLANG_CXX_LIBRARY = "libc++";
				CLANG_ENABLE_MODULES = YES;
				CLANG_ENABLE_OBJC_ARC = YES;
				CLANG_WARN_BOOL_CONVERSION = YES;
				CLANG_WARN_CONSTANT_CONVERSION = YES;
				CLANG_WARN_DIRECT_OBJC_ISA_USAGE = YES_ERROR;
				CLANG_WARN_EMPTY_BODY = YES;
				CLANG_WARN_ENUM_CONVERSION = YES;
				CLANG_WARN_INT_CONVERSION = YES;
				CLANG_WARN_OBJC_ROOT_CLASS = YES_ERROR;
				CLANG_WARN_UNREACHABLE_CODE = YES;
				CLANG_WARN__DUPLICATE_METHOD_MATCH = YES;
				"CODE_SIGN_IDENTITY[sdk=iphoneos*]" = "iPhone Developer";
				COPY_PHASE_STRIP = NO;
				DEBUG_INFORMATION_FORMAT = dwarf;
				ENABLE_STRICT_OBJC_MSGSEND = YES;
				ENABLE_TESTABILITY = YES;
				GCC_C_LANGUAGE_STANDARD = gnu99;
				GCC_DYNAMIC_NO_PIC = NO;
				GCC_NO_COMMON_BLOCKS = YES;
				GCC_OPTIMIZATION_LEVEL = 0;
				GCC_PREPROCESSOR_DEFINITIONS = (
					"DEBUG=1",
					"$(inherited)",
				);
				GCC_WARN_64_TO_32_BIT_CONVERSION = YES;
				GCC_WARN_ABOUT_RETURN_TYPE = YES_ERROR;
				GCC_WARN_UNDECLARED_SELECTOR = YES;
				GCC_WARN_UNINITIALIZED_AUTOS = YES_AGGRESSIVE;
				GCC_WARN_UNUSED_FUNCTION = YES;
				GCC_WARN_UNUSED_VARIABLE = YES;
				IPHONEOS_DEPLOYMENT_TARGET = 9.3;
				MTL_ENABLE_DEBUG_INFO = YES;
				ONLY_ACTIVE_ARCH = YES;
				SDKROOT = iphoneos;
				SWIFT_OPTIMIZATION_LEVEL = "-Onone";
			};
			name = Debug;
		};
		2C9307A51CF2CD9400D0E5F6 /* Release */ = {
			isa = XCBuildConfiguration;
			buildSettings = {
				ALWAYS_SEARCH_USER_PATHS = NO;
				CLANG_ANALYZER_NONNULL = YES;
				CLANG_CXX_LANGUAGE_STANDARD = "gnu++0x";
				CLANG_CXX_LIBRARY = "libc++";
				CLANG_ENABLE_MODULES = YES;
				CLANG_ENABLE_OBJC_ARC = YES;
				CLANG_WARN_BOOL_CONVERSION = YES;
				CLANG_WARN_CONSTANT_CONVERSION = YES;
				CLANG_WARN_DIRECT_OBJC_ISA_USAGE = YES_ERROR;
				CLANG_WARN_EMPTY_BODY = YES;
				CLANG_WARN_ENUM_CONVERSION = YES;
				CLANG_WARN_INT_CONVERSION = YES;
				CLANG_WARN_OBJC_ROOT_CLASS = YES_ERROR;
				CLANG_WARN_UNREACHABLE_CODE = YES;
				CLANG_WARN__DUPLICATE_METHOD_MATCH = YES;
				"CODE_SIGN_IDENTITY[sdk=iphoneos*]" = "iPhone Developer";
				COPY_PHASE_STRIP = NO;
				DEBUG_INFORMATION_FORMAT = "dwarf-with-dsym";
				ENABLE_NS_ASSERTIONS = NO;
				ENABLE_STRICT_OBJC_MSGSEND = YES;
				GCC_C_LANGUAGE_STANDARD = gnu99;
				GCC_NO_COMMON_BLOCKS = YES;
				GCC_WARN_64_TO_32_BIT_CONVERSION = YES;
				GCC_WARN_ABOUT_RETURN_TYPE = YES_ERROR;
				GCC_WARN_UNDECLARED_SELECTOR = YES;
				GCC_WARN_UNINITIALIZED_AUTOS = YES_AGGRESSIVE;
				GCC_WARN_UNUSED_FUNCTION = YES;
				GCC_WARN_UNUSED_VARIABLE = YES;
				IPHONEOS_DEPLOYMENT_TARGET = 9.3;
				MTL_ENABLE_DEBUG_INFO = NO;
				SDKROOT = iphoneos;
				VALIDATE_PRODUCT = YES;
			};
			name = Release;
		};
		2C9307A71CF2CD9400D0E5F6 /* Debug */ = {
			isa = XCBuildConfiguration;
			buildSettings = {
				ASSETCATALOG_COMPILER_APPICON_NAME = AppIcon;
				INFOPLIST_FILE = ModuleManager/Info.plist;
				LD_RUNPATH_SEARCH_PATHS = "$(inherited) @executable_path/Frameworks";
				PRODUCT_BUNDLE_IDENTIFIER = com.botai.ModuleManager;
				PRODUCT_NAME = "$(TARGET_NAME)";
			};
			name = Debug;
		};
		2C9307A81CF2CD9400D0E5F6 /* Release */ = {
			isa = XCBuildConfiguration;
			buildSettings = {
				ASSETCATALOG_COMPILER_APPICON_NAME = AppIcon;
				INFOPLIST_FILE = ModuleManager/Info.plist;
				LD_RUNPATH_SEARCH_PATHS = "$(inherited) @executable_path/Frameworks";
				PRODUCT_BUNDLE_IDENTIFIER = com.botai.ModuleManager;
				PRODUCT_NAME = "$(TARGET_NAME)";
			};
			name = Release;
		};
		2C9307AA1CF2CD9400D0E5F6 /* Debug */ = {
			isa = XCBuildConfiguration;
			buildSettings = {
				BUNDLE_LOADER = "$(TEST_HOST)";
				INFOPLIST_FILE = ModuleManagerTests/Info.plist;
				LD_RUNPATH_SEARCH_PATHS = "$(inherited) @executable_path/Frameworks @loader_path/Frameworks";
				PRODUCT_BUNDLE_IDENTIFIER = com.botai.ModuleManagerTests;
				PRODUCT_NAME = "$(TARGET_NAME)";
				TEST_HOST = "$(BUILT_PRODUCTS_DIR)/ModuleManager.app/ModuleManager";
			};
			name = Debug;
		};
		2C9307AB1CF2CD9400D0E5F6 /* Release */ = {
			isa = XCBuildConfiguration;
			buildSettings = {
				BUNDLE_LOADER = "$(TEST_HOST)";
				INFOPLIST_FILE = ModuleManagerTests/Info.plist;
				LD_RUNPATH_SEARCH_PATHS = "$(inherited) @executable_path/Frameworks @loader_path/Frameworks";
				PRODUCT_BUNDLE_IDENTIFIER = com.botai.ModuleManagerTests;
				PRODUCT_NAME = "$(TARGET_NAME)";
				TEST_HOST = "$(BUILT_PRODUCTS_DIR)/ModuleManager.app/ModuleManager";
			};
			name = Release;
		};
		2C9307AD1CF2CD9400D0E5F6 /* Debug */ = {
			isa = XCBuildConfiguration;
			buildSettings = {
				INFOPLIST_FILE = ModuleManagerUITests/Info.plist;
				LD_RUNPATH_SEARCH_PATHS = "$(inherited) @executable_path/Frameworks @loader_path/Frameworks";
				PRODUCT_BUNDLE_IDENTIFIER = com.botai.ModuleManagerUITests;
				PRODUCT_NAME = "$(TARGET_NAME)";
				TEST_TARGET_NAME = ModuleManager;
			};
			name = Debug;
		};
		2C9307AE1CF2CD9400D0E5F6 /* Release */ = {
			isa = XCBuildConfiguration;
			buildSettings = {
				INFOPLIST_FILE = ModuleManagerUITests/Info.plist;
				LD_RUNPATH_SEARCH_PATHS = "$(inherited) @executable_path/Frameworks @loader_path/Frameworks";
				PRODUCT_BUNDLE_IDENTIFIER = com.botai.ModuleManagerUITests;
				PRODUCT_NAME = "$(TARGET_NAME)";
				TEST_TARGET_NAME = ModuleManager;
			};
			name = Release;
		};
/* End XCBuildConfiguration section */

/* Begin XCConfigurationList section */
		2C9307791CF2CD9400D0E5F6 /* Build configuration list for PBXProject "ModuleManager" */ = {
			isa = XCConfigurationList;
			buildConfigurations = (
				2C9307A41CF2CD9400D0E5F6 /* Debug */,
				2C9307A51CF2CD9400D0E5F6 /* Release */,
			);
			defaultConfigurationIsVisible = 0;
			defaultConfigurationName = Release;
		};
		2C9307A61CF2CD9400D0E5F6 /* Build configuration list for PBXNativeTarget "ModuleManager" */ = {
			isa = XCConfigurationList;
			buildConfigurations = (
				2C9307A71CF2CD9400D0E5F6 /* Debug */,
				2C9307A81CF2CD9400D0E5F6 /* Release */,
			);
			defaultConfigurationIsVisible = 0;
			defaultConfigurationName = Release;
		};
		2C9307A91CF2CD9400D0E5F6 /* Build configuration list for PBXNativeTarget "ModuleManagerTests" */ = {
			isa = XCConfigurationList;
			buildConfigurations = (
				2C9307AA1CF2CD9400D0E5F6 /* Debug */,
				2C9307AB1CF2CD9400D0E5F6 /* Release */,
			);
			defaultConfigurationIsVisible = 0;
			defaultConfigurationName = Release;
		};
		2C9307AC1CF2CD9400D0E5F6 /* Build configuration list for PBXNativeTarget "ModuleManagerUITests" */ = {
			isa = XCConfigurationList;
			buildConfigurations = (
				2C9307AD1CF2CD9400D0E5F6 /* Debug */,
				2C9307AE1CF2CD9400D0E5F6 /* Release */,
			);
			defaultConfigurationIsVisible = 0;
			defaultConfigurationName = Release;
		};
/* End XCConfigurationList section */
	};
	rootObject = 2C9307761CF2CD9400D0E5F6 /* Project object */;
}
